
Microsoft Visual Studio Solution File, Format Version 12.00
# Visual Studio Version 17
VisualStudioVersion = 17.11.35303.130
MinimumVisualStudioVersion = 10.0.40219.1
Project("{FAE04EC0-301F-11D3-BF4B-00C04F79EFBC}") = "Ejercicio1", "Ejercicio1\Ejercicio1.csproj", "{E60ABBB7-B9CF-4AAD-B8CC-BBDE96A98B60}"
EndProject
Project("{FAE04EC0-301F-11D3-BF4B-00C04F79EFBC}") = "FormCliente", "FormCliente\FormCliente.csproj", "{D7CBCDF1-18EE-44BD-9290-82BF8B75DA03}"
EndProject
Global
	GlobalSection(SolutionConfigurationPlatforms) = preSolution
		Debug|Any CPU = Debug|Any CPU
		Release|Any CPU = Release|Any CPU
	EndGlobalSection
	GlobalSection(ProjectConfigurationPlatforms) = postSolution
		{E60ABBB7-B9CF-4AAD-B8CC-BBDE96A98B60}.Debug|Any CPU.ActiveCfg = Debug|Any CPU
		{E60ABBB7-B9CF-4AAD-B8CC-BBDE96A98B60}.Debug|Any CPU.Build.0 = Debug|Any CPU
		{E60ABBB7-B9CF-4AAD-B8CC-BBDE96A98B60}.Release|Any CPU.ActiveCfg = Release|Any CPU
		{E60ABBB7-B9CF-4AAD-B8CC-BBDE96A98B60}.Release|Any CPU.Build.0 = Release|Any CPU
		{D7CBCDF1-18EE-44BD-9290-82BF8B75DA03}.Debug|Any CPU.ActiveCfg = Debug|Any CPU
		{D7CBCDF1-18EE-44BD-9290-82BF8B75DA03}.Debug|Any CPU.Build.0 = Debug|Any CPU
		{D7CBCDF1-18EE-44BD-9290-82BF8B75DA03}.Release|Any CPU.ActiveCfg = Release|Any CPU
		{D7CBCDF1-18EE-44BD-9290-82BF8B75DA03}.Release|Any CPU.Build.0 = Release|Any CPU
	EndGlobalSection
	GlobalSection(SolutionProperties) = preSolution
		HideSolutionNode = FALSE
	EndGlobalSection
	GlobalSection(ExtensibilityGlobals) = postSolution
		SolutionGuid = {EDB3C1C1-9D90-4407-A0A7-039F9631E0ED}
	EndGlobalSection
EndGlobal
